
Microsoft Visual Studio Solution File, Format Version 12.00
Project("{FAE04EC0-301F-11D3-BF4B-00C04F79EFBC}") = "WoW Server", "WoW Server\WoW Server.csproj", "{83BD8A9B-7417-4243-BCF1-33C393DEF338}"
EndProject
Global
	GlobalSection(SolutionConfigurationPlatforms) = preSolution
		Debug|Any CPU = Debug|Any CPU
		Release|Any CPU = Release|Any CPU
	EndGlobalSection
	GlobalSection(ProjectConfigurationPlatforms) = postSolution
		{83BD8A9B-7417-4243-BCF1-33C393DEF338}.Debug|Any CPU.ActiveCfg = Debug|Any CPU
		{83BD8A9B-7417-4243-BCF1-33C393DEF338}.Debug|Any CPU.Build.0 = Debug|Any CPU
		{83BD8A9B-7417-4243-BCF1-33C393DEF338}.Release|Any CPU.ActiveCfg = Release|Any CPU
		{83BD8A9B-7417-4243-BCF1-33C393DEF338}.Release|Any CPU.Build.0 = Release|Any CPU
	EndGlobalSection
EndGlobal
